// !$*UTF8*$!
{
	archiveVersion = 1;
	classes = {
	};
	objectVersion = 77;
	objects = {

/* Begin PBXBuildFile section */
		0050DFE0AB4310D4392E8BAD /* ChatViewModel.swift in Sources */ = {isa = PBXBuildFile; fileRef = 23FA42FD4599C5013850591B /* ChatViewModel.swift */; };
		014658B7C371AB8BC8FEFA4F /* HealthKitManager.swift in Sources */ = {isa = PBXBuildFile; fileRef = CA3ECCA7218453986DC46FE3 /* HealthKitManager.swift */; };
		027E4B892D6B4D73D106535E /* KeychainHelper.swift in Sources */ = {isa = PBXBuildFile; fileRef = 7DE38C8177CDD4487B4DF6F3 /* KeychainHelper.swift */; };
		02C6AE86E0A5049514C0BD15 /* NotificationDelegate.swift in Sources */ = {isa = PBXBuildFile; fileRef = 5CA6E804A7A741F57B6077E9 /* NotificationDelegate.swift */; };
		06ACBA3BE13DE7B09F9BD4A6 /* TonalDashboardView.swift in Sources */ = {isa = PBXBuildFile; fileRef = 998344A11A738B6D7F8AC725 /* TonalDashboardView.swift */; };
		081CDA05771DA44877C93096 /* OnboardingReadyView.swift in Sources */ = {isa = PBXBuildFile; fileRef = 1E65EDC9CE4ECDBBA50629D0 /* OnboardingReadyView.swift */; };
		084B400E6EBE58218C786A4E /* ExternalActivitiesCard.swift in Sources */ = {isa = PBXBuildFile; fileRef = AA4572CB37A53DA8BBDDF982 /* ExternalActivitiesCard.swift */; };
		157388BF966DD54EB48000C0 /* ContentView.swift in Sources */ = {isa = PBXBuildFile; fileRef = 4702C26F8C2C224E144F379C /* ContentView.swift */; };
		16DA28B597192FE4302CF41A /* TonalDeepLink.swift in Sources */ = {isa = PBXBuildFile; fileRef = DC7B058508882C8DA068C32A /* TonalDeepLink.swift */; };
		1D17B014F694E6A55C7975E3 /* WorkoutFiltersView.swift in Sources */ = {isa = PBXBuildFile; fileRef = D5D6E147E28AD90E816EF993 /* WorkoutFiltersView.swift */; };
		1F69D85F0F93AB34FD84C89F /* ResetPasswordView.swift in Sources */ = {isa = PBXBuildFile; fileRef = 3EE6475D29CECCEDAC0653EA /* ResetPasswordView.swift */; };
		20793F8A10949B7240A93963 /* ConnectTonalView.swift in Sources */ = {isa = PBXBuildFile; fileRef = 263DBEE6AFD50C23CD03E67B /* ConnectTonalView.swift */; };
		21B90923519D89F563710CBD /* NotificationSettingsView.swift in Sources */ = {isa = PBXBuildFile; fileRef = DE03FBD05A69014939259C3D /* NotificationSettingsView.swift */; };
		24BCD3FA70FFE988BF3F36B1 /* ConvexMobile in Frameworks */ = {isa = PBXBuildFile; productRef = B4999B86DD39093EBC062F7D /* ConvexMobile */; };
		327D4184BD201D767EA906A7 /* StrengthScoreCard.swift in Sources */ = {isa = PBXBuildFile; fileRef = 7328578675A8F3B615846E43 /* StrengthScoreCard.swift */; };
		3C43C100345389B3ED170B71 /* PasswordAuthProvider.swift in Sources */ = {isa = PBXBuildFile; fileRef = CB629C1B92F2380B18896233 /* PasswordAuthProvider.swift */; };
		42BEFE7F07591913ED3B8DA0 /* TrainingFrequencyCard.swift in Sources */ = {isa = PBXBuildFile; fileRef = A968A442D233648FA16136BF /* TrainingFrequencyCard.swift */; };
		45013F1AD272E00E3B29EE9A /* Theme.swift in Sources */ = {isa = PBXBuildFile; fileRef = 2D4460B6F5D6ECAB5000D077 /* Theme.swift */; };
		58593C18825560C6F1760A54 /* ThinkingIndicator.swift in Sources */ = {isa = PBXBuildFile; fileRef = 68F48901D6FC6CA9CFDE14C8 /* ThinkingIndicator.swift */; };
		5C6880B24F7858B6CFC80B4F /* DMSans-Italic-Variable.ttf in Resources */ = {isa = PBXBuildFile; fileRef = 8321CA4BD27236034163DE70 /* DMSans-Italic-Variable.ttf */; };
		5CA7B64CBAE1BF7129C0C9EE /* Models.swift in Sources */ = {isa = PBXBuildFile; fileRef = 8C7486A4B75AF5EE7EB0A043 /* Models.swift */; };
		6643720F8D0C49FC91308BCD /* AnimationConstants.swift in Sources */ = {isa = PBXBuildFile; fileRef = B534F70E433E45DC84D2D983 /* AnimationConstants.swift */; };
		6A2D0E0116B05F642E0B2609 /* RecentWorkoutsCard.swift in Sources */ = {isa = PBXBuildFile; fileRef = 6198211493BA5A2186362734 /* RecentWorkoutsCard.swift */; };
		6ADDB05F7EC940BB9664CB00 /* StaggeredAppear.swift in Sources */ = {isa = PBXBuildFile; fileRef = F13D9855B4ED4C359EED20BF /* StaggeredAppear.swift */; };
		6C7D859F15594D4DF99D12CD /* DMSans-Variable.ttf in Resources */ = {isa = PBXBuildFile; fileRef = 80BD257ADF30EC5730CEA29B /* DMSans-Variable.ttf */; };
		6EA6E76039A7A1F2F21743C5 /* MuscleReadinessCard.swift in Sources */ = {isa = PBXBuildFile; fileRef = 83F74557E7EABC857AC75A6D /* MuscleReadinessCard.swift */; };
		736E927A144EBEFB1DFFCB25 /* GeistMono-Variable.ttf in Resources */ = {isa = PBXBuildFile; fileRef = E411ECDAAA0F827C3296CC5E /* GeistMono-Variable.ttf */; };
		795316D1868F7A7BB3CFADAA /* WelcomeCarouselView.swift in Sources */ = {isa = PBXBuildFile; fileRef = 6C1524047B4DA24FE3E70935 /* WelcomeCarouselView.swift */; };
		7F35CF1AE3D415AAD177D9F1 /* ChatView.swift in Sources */ = {isa = PBXBuildFile; fileRef = DB4E85E4BCB6785EFB82E7BA /* ChatView.swift */; };
		7F7792192E65DDD4CD8BD776 /* ChatInputBar.swift in Sources */ = {isa = PBXBuildFile; fileRef = 1F14CF7C37C679739B9844FE /* ChatInputBar.swift */; };
		81C3CD4D0DFFDD2CE38D5709 /* NotificationManager.swift in Sources */ = {isa = PBXBuildFile; fileRef = A1B2311B4105E72BB6B11A97 /* NotificationManager.swift */; };
		867DF588806D7C0A04D5DDC8 /* OnboardingView.swift in Sources */ = {isa = PBXBuildFile; fileRef = 1FCD2578D91FB3B551BAB790 /* OnboardingView.swift */; };
		8FD885BB726044B7AECF823B /* ShimmerView.swift in Sources */ = {isa = PBXBuildFile; fileRef = 1295AE565C2349AA9F25F6A3 /* ShimmerView.swift */; };
		9D801E18724B5959F9780CCB /* TonalCoachApp.swift in Sources */ = {isa = PBXBuildFile; fileRef = EEFD4014FB66E4D01C1BF563 /* TonalCoachApp.swift */; };
		A180D2267F45D4EEE14A52BE /* AsyncCard.swift in Sources */ = {isa = PBXBuildFile; fileRef = 7A0F2CA7084518AA231D668C /* AsyncCard.swift */; };
		A2220BC2C12BB5F24E646C90 /* NotificationPermissionView.swift in Sources */ = {isa = PBXBuildFile; fileRef = 672CD4A9E189DFA838AA6E62 /* NotificationPermissionView.swift */; };
		A255A48EA8912657C87AB312 /* WorkoutDetailView.swift in Sources */ = {isa = PBXBuildFile; fileRef = 73160B64985BC10A30B0D220 /* WorkoutDetailView.swift */; };
		A55E36E31571F4267AE2FD00 /* HealthPermissionView.swift in Sources */ = {isa = PBXBuildFile; fileRef = D330194F50C144F6BA7C8BB1 /* HealthPermissionView.swift */; };
		AB04CE09C9B6CF076C62B51C /* ConvexManager.swift in Sources */ = {isa = PBXBuildFile; fileRef = 7355A2969D916D85BC65E9AF /* ConvexManager.swift */; };
		B16886E2BCB9CA386D6C694E /* DayDetailView.swift in Sources */ = {isa = PBXBuildFile; fileRef = 060DC542CFA2F111BF034A25 /* DayDetailView.swift */; };
		B28FDFEC19F76F878630B018 /* ToolApprovalCard.swift in Sources */ = {isa = PBXBuildFile; fileRef = 3B15FA3B7A50423A11C10318 /* ToolApprovalCard.swift */; };
		B306D9A4350E316F0199F37E /* LoginView.swift in Sources */ = {isa = PBXBuildFile; fileRef = 88B2D7EB5E260FA3DB9FC5F9 /* LoginView.swift */; };
		BA93EA39F519BF35C654B5FB /* ScheduleDayCard.swift in Sources */ = {isa = PBXBuildFile; fileRef = 41DB605D1270553152731F1B /* ScheduleDayCard.swift */; };
		C06DAAD551A04064BEDBEBCF /* HapticEngine.swift in Sources */ = {isa = PBXBuildFile; fileRef = 55A9DFCB1A654550BA19E813 /* HapticEngine.swift */; };
		C3A21FFB22CEAF5650584D91 /* ProfileView.swift in Sources */ = {isa = PBXBuildFile; fileRef = A5104B6101FB951CE50BD1CA /* ProfileView.swift */; };
		C3EDE8764BB34335A49F124D /* CountingText.swift in Sources */ = {isa = PBXBuildFile; fileRef = AE256A5D7E8447829A1EB2C3 /* CountingText.swift */; };
		C73C20B5427061040052FD8F /* HealthDashboardView.swift in Sources */ = {isa = PBXBuildFile; fileRef = 03CC410DF7DC8875908F1D45 /* HealthDashboardView.swift */; };
		C9FC3E5F39C9A66B5EA7DBAA /* TrainingPreferencesView.swift in Sources */ = {isa = PBXBuildFile; fileRef = EFA8501E440013785AD6CAC5 /* TrainingPreferencesView.swift */; };
		D1E4F2A3B7C8904F5E3A1D62 /* PressableCard.swift in Sources */ = {isa = PBXBuildFile; fileRef = A3F87C2E1D4B6509F8E2C741 /* PressableCard.swift */; };
		D29C91F4BDC6346C0FC65B84 /* ChatModels.swift in Sources */ = {isa = PBXBuildFile; fileRef = F0788CC33759688FF4ED6239 /* ChatModels.swift */; };
		D8A2C98185E1428310C81C34 /* HealthKit.framework in Frameworks */ = {isa = PBXBuildFile; fileRef = 549248671EC5F4CFA5B8ED68 /* HealthKit.framework */; };
		DB9815B3009CB457E20E0BD2 /* MessageBubble.swift in Sources */ = {isa = PBXBuildFile; fileRef = 4336D243540557F7FD94EFEE /* MessageBubble.swift */; };
		DE60307AB01F06852935A97F /* Assets.xcassets in Resources */ = {isa = PBXBuildFile; fileRef = 757D4EAE09E4618432610A41 /* Assets.xcassets */; };
		DF7142365C1B6E5170EDDA63 /* AuthManager.swift in Sources */ = {isa = PBXBuildFile; fileRef = 51B95E8720EB1B2578A1B92E /* AuthManager.swift */; };
		DFA4928A094ADC84B922B68D /* ToolCallChip.swift in Sources */ = {isa = PBXBuildFile; fileRef = E348442ED2A315C10B73F250 /* ToolCallChip.swift */; };
		E1D06E646AF6FCE53ACBEEAD /* TrainingOnboardingFlow.swift in Sources */ = {isa = PBXBuildFile; fileRef = 98904234D6E9A6E5F90A790B /* TrainingOnboardingFlow.swift */; };
		E2A755589CA29DC1C4ECBC81 /* ScheduleModels.swift in Sources */ = {isa = PBXBuildFile; fileRef = 24C89295B1569D8B220000BC /* ScheduleModels.swift */; };
		ED21BA22192AB410A33C1619 /* ScheduleView.swift in Sources */ = {isa = PBXBuildFile; fileRef = 1527475BBBF38809CF28E56E /* ScheduleView.swift */; };
		F13FD79B53AB9432B6A6E286 /* LibraryHomeView.swift in Sources */ = {isa = PBXBuildFile; fileRef = 3FB955CD4C7D0F3EB4EA7D93 /* LibraryHomeView.swift */; };
		F5BEBB0864DAA99976946463 /* MarkdownText.swift in Sources */ = {isa = PBXBuildFile; fileRef = 51510A5E87E4621AB14BFE79 /* MarkdownText.swift */; };
		FB0B9D8AD5210ABEFD77FC79 /* TonalModels.swift in Sources */ = {isa = PBXBuildFile; fileRef = 043752E84535B7A45A93EFE6 /* TonalModels.swift */; };
		FD6D5CD51F2316868B127C64 /* WorkoutCardView.swift in Sources */ = {isa = PBXBuildFile; fileRef = F5C7E1B42E65EB4DF0ADA6B4 /* WorkoutCardView.swift */; };
/* End PBXBuildFile section */

/* Begin PBXFileReference section */
		03CC410DF7DC8875908F1D45 /* HealthDashboardView.swift */ = {isa = PBXFileReference; lastKnownFileType = sourcecode.swift; path = HealthDashboardView.swift; sourceTree = "<group>"; };
		043752E84535B7A45A93EFE6 /* TonalModels.swift */ = {isa = PBXFileReference; lastKnownFileType = sourcecode.swift; path = TonalModels.swift; sourceTree = "<group>"; };
		060DC542CFA2F111BF034A25 /* DayDetailView.swift */ = {isa = PBXFileReference; lastKnownFileType = sourcecode.swift; path = DayDetailView.swift; sourceTree = "<group>"; };
		1295AE565C2349AA9F25F6A3 /* ShimmerView.swift */ = {isa = PBXFileReference; lastKnownFileType = sourcecode.swift; path = ShimmerView.swift; sourceTree = "<group>"; };
		12B3B26921CB3B7086A8E0CC /* TonalCoach.app */ = {isa = PBXFileReference; explicitFileType = wrapper.application; includeInIndex = 0; path = TonalCoach.app; sourceTree = BUILT_PRODUCTS_DIR; };
		1527475BBBF38809CF28E56E /* ScheduleView.swift */ = {isa = PBXFileReference; lastKnownFileType = sourcecode.swift; path = ScheduleView.swift; sourceTree = "<group>"; };
		1E65EDC9CE4ECDBBA50629D0 /* OnboardingReadyView.swift */ = {isa = PBXFileReference; lastKnownFileType = sourcecode.swift; path = OnboardingReadyView.swift; sourceTree = "<group>"; };
		1F14CF7C37C679739B9844FE /* ChatInputBar.swift */ = {isa = PBXFileReference; lastKnownFileType = sourcecode.swift; path = ChatInputBar.swift; sourceTree = "<group>"; };
		1FCD2578D91FB3B551BAB790 /* OnboardingView.swift */ = {isa = PBXFileReference; lastKnownFileType = sourcecode.swift; path = OnboardingView.swift; sourceTree = "<group>"; };
		23FA42FD4599C5013850591B /* ChatViewModel.swift */ = {isa = PBXFileReference; lastKnownFileType = sourcecode.swift; path = ChatViewModel.swift; sourceTree = "<group>"; };
		24C89295B1569D8B220000BC /* ScheduleModels.swift */ = {isa = PBXFileReference; lastKnownFileType = sourcecode.swift; path = ScheduleModels.swift; sourceTree = "<group>"; };
		263DBEE6AFD50C23CD03E67B /* ConnectTonalView.swift */ = {isa = PBXFileReference; lastKnownFileType = sourcecode.swift; path = ConnectTonalView.swift; sourceTree = "<group>"; };
		2D4460B6F5D6ECAB5000D077 /* Theme.swift */ = {isa = PBXFileReference; lastKnownFileType = sourcecode.swift; path = Theme.swift; sourceTree = "<group>"; };
		3B15FA3B7A50423A11C10318 /* ToolApprovalCard.swift */ = {isa = PBXFileReference; lastKnownFileType = sourcecode.swift; path = ToolApprovalCard.swift; sourceTree = "<group>"; };
		3EE6475D29CECCEDAC0653EA /* ResetPasswordView.swift */ = {isa = PBXFileReference; lastKnownFileType = sourcecode.swift; path = ResetPasswordView.swift; sourceTree = "<group>"; };
		3FB955CD4C7D0F3EB4EA7D93 /* LibraryHomeView.swift */ = {isa = PBXFileReference; lastKnownFileType = sourcecode.swift; path = LibraryHomeView.swift; sourceTree = "<group>"; };
		41DB605D1270553152731F1B /* ScheduleDayCard.swift */ = {isa = PBXFileReference; lastKnownFileType = sourcecode.swift; path = ScheduleDayCard.swift; sourceTree = "<group>"; };
		4336D243540557F7FD94EFEE /* MessageBubble.swift */ = {isa = PBXFileReference; lastKnownFileType = sourcecode.swift; path = MessageBubble.swift; sourceTree = "<group>"; };
		4702C26F8C2C224E144F379C /* ContentView.swift */ = {isa = PBXFileReference; lastKnownFileType = sourcecode.swift; path = ContentView.swift; sourceTree = "<group>"; };
		51510A5E87E4621AB14BFE79 /* MarkdownText.swift */ = {isa = PBXFileReference; lastKnownFileType = sourcecode.swift; path = MarkdownText.swift; sourceTree = "<group>"; };
		51B95E8720EB1B2578A1B92E /* AuthManager.swift */ = {isa = PBXFileReference; lastKnownFileType = sourcecode.swift; path = AuthManager.swift; sourceTree = "<group>"; };
		549248671EC5F4CFA5B8ED68 /* HealthKit.framework */ = {isa = PBXFileReference; lastKnownFileType = wrapper.framework; path = HealthKit.framework; sourceTree = "<group>"; };
		55A9DFCB1A654550BA19E813 /* HapticEngine.swift */ = {isa = PBXFileReference; lastKnownFileType = sourcecode.swift; path = HapticEngine.swift; sourceTree = "<group>"; };
		5CA6E804A7A741F57B6077E9 /* NotificationDelegate.swift */ = {isa = PBXFileReference; lastKnownFileType = sourcecode.swift; path = NotificationDelegate.swift; sourceTree = "<group>"; };
		6198211493BA5A2186362734 /* RecentWorkoutsCard.swift */ = {isa = PBXFileReference; lastKnownFileType = sourcecode.swift; path = RecentWorkoutsCard.swift; sourceTree = "<group>"; };
		672CD4A9E189DFA838AA6E62 /* NotificationPermissionView.swift */ = {isa = PBXFileReference; lastKnownFileType = sourcecode.swift; path = NotificationPermissionView.swift; sourceTree = "<group>"; };
		68F48901D6FC6CA9CFDE14C8 /* ThinkingIndicator.swift */ = {isa = PBXFileReference; lastKnownFileType = sourcecode.swift; path = ThinkingIndicator.swift; sourceTree = "<group>"; };
		6C1524047B4DA24FE3E70935 /* WelcomeCarouselView.swift */ = {isa = PBXFileReference; lastKnownFileType = sourcecode.swift; path = WelcomeCarouselView.swift; sourceTree = "<group>"; };
		73160B64985BC10A30B0D220 /* WorkoutDetailView.swift */ = {isa = PBXFileReference; lastKnownFileType = sourcecode.swift; path = WorkoutDetailView.swift; sourceTree = "<group>"; };
		7328578675A8F3B615846E43 /* StrengthScoreCard.swift */ = {isa = PBXFileReference; lastKnownFileType = sourcecode.swift; path = StrengthScoreCard.swift; sourceTree = "<group>"; };
		7355A2969D916D85BC65E9AF /* ConvexManager.swift */ = {isa = PBXFileReference; lastKnownFileType = sourcecode.swift; path = ConvexManager.swift; sourceTree = "<group>"; };
		757D4EAE09E4618432610A41 /* Assets.xcassets */ = {isa = PBXFileReference; lastKnownFileType = folder.assetcatalog; path = Assets.xcassets; sourceTree = "<group>"; };
		7A0F2CA7084518AA231D668C /* AsyncCard.swift */ = {isa = PBXFileReference; lastKnownFileType = sourcecode.swift; path = AsyncCard.swift; sourceTree = "<group>"; };
		7DE38C8177CDD4487B4DF6F3 /* KeychainHelper.swift */ = {isa = PBXFileReference; lastKnownFileType = sourcecode.swift; path = KeychainHelper.swift; sourceTree = "<group>"; };
		80BD257ADF30EC5730CEA29B /* DMSans-Variable.ttf */ = {isa = PBXFileReference; lastKnownFileType = file; path = "DMSans-Variable.ttf"; sourceTree = "<group>"; };
		8321CA4BD27236034163DE70 /* DMSans-Italic-Variable.ttf */ = {isa = PBXFileReference; lastKnownFileType = file; path = "DMSans-Italic-Variable.ttf"; sourceTree = "<group>"; };
		83F74557E7EABC857AC75A6D /* MuscleReadinessCard.swift */ = {isa = PBXFileReference; lastKnownFileType = sourcecode.swift; path = MuscleReadinessCard.swift; sourceTree = "<group>"; };
		88B2D7EB5E260FA3DB9FC5F9 /* LoginView.swift */ = {isa = PBXFileReference; lastKnownFileType = sourcecode.swift; path = LoginView.swift; sourceTree = "<group>"; };
		8A4A08A3512144A4D62AA6BB /* TonalCoach.entitlements */ = {isa = PBXFileReference; lastKnownFileType = text.plist.entitlements; path = TonalCoach.entitlements; sourceTree = "<group>"; };
		8C7486A4B75AF5EE7EB0A043 /* Models.swift */ = {isa = PBXFileReference; lastKnownFileType = sourcecode.swift; path = Models.swift; sourceTree = "<group>"; };
		98904234D6E9A6E5F90A790B /* TrainingOnboardingFlow.swift */ = {isa = PBXFileReference; lastKnownFileType = sourcecode.swift; path = TrainingOnboardingFlow.swift; sourceTree = "<group>"; };
		998344A11A738B6D7F8AC725 /* TonalDashboardView.swift */ = {isa = PBXFileReference; lastKnownFileType = sourcecode.swift; path = TonalDashboardView.swift; sourceTree = "<group>"; };
		A1B2311B4105E72BB6B11A97 /* NotificationManager.swift */ = {isa = PBXFileReference; lastKnownFileType = sourcecode.swift; path = NotificationManager.swift; sourceTree = "<group>"; };
		A3F87C2E1D4B6509F8E2C741 /* PressableCard.swift */ = {isa = PBXFileReference; lastKnownFileType = sourcecode.swift; path = PressableCard.swift; sourceTree = "<group>"; };
		A5104B6101FB951CE50BD1CA /* ProfileView.swift */ = {isa = PBXFileReference; lastKnownFileType = sourcecode.swift; path = ProfileView.swift; sourceTree = "<group>"; };
		A968A442D233648FA16136BF /* TrainingFrequencyCard.swift */ = {isa = PBXFileReference; lastKnownFileType = sourcecode.swift; path = TrainingFrequencyCard.swift; sourceTree = "<group>"; };
		AA4572CB37A53DA8BBDDF982 /* ExternalActivitiesCard.swift */ = {isa = PBXFileReference; lastKnownFileType = sourcecode.swift; path = ExternalActivitiesCard.swift; sourceTree = "<group>"; };
		AE256A5D7E8447829A1EB2C3 /* CountingText.swift */ = {isa = PBXFileReference; lastKnownFileType = sourcecode.swift; path = CountingText.swift; sourceTree = "<group>"; };
		B319CDBC8A0F05CF9054C28D /* Info.plist */ = {isa = PBXFileReference; lastKnownFileType = text.plist; path = Info.plist; sourceTree = "<group>"; };
		B534F70E433E45DC84D2D983 /* AnimationConstants.swift */ = {isa = PBXFileReference; lastKnownFileType = sourcecode.swift; path = AnimationConstants.swift; sourceTree = "<group>"; };
		CA3ECCA7218453986DC46FE3 /* HealthKitManager.swift */ = {isa = PBXFileReference; lastKnownFileType = sourcecode.swift; path = HealthKitManager.swift; sourceTree = "<group>"; };
		CB629C1B92F2380B18896233 /* PasswordAuthProvider.swift */ = {isa = PBXFileReference; lastKnownFileType = sourcecode.swift; path = PasswordAuthProvider.swift; sourceTree = "<group>"; };
		D330194F50C144F6BA7C8BB1 /* HealthPermissionView.swift */ = {isa = PBXFileReference; lastKnownFileType = sourcecode.swift; path = HealthPermissionView.swift; sourceTree = "<group>"; };
		D5D6E147E28AD90E816EF993 /* WorkoutFiltersView.swift */ = {isa = PBXFileReference; lastKnownFileType = sourcecode.swift; path = WorkoutFiltersView.swift; sourceTree = "<group>"; };
		DB4E85E4BCB6785EFB82E7BA /* ChatView.swift */ = {isa = PBXFileReference; lastKnownFileType = sourcecode.swift; path = ChatView.swift; sourceTree = "<group>"; };
		DC7B058508882C8DA068C32A /* TonalDeepLink.swift */ = {isa = PBXFileReference; lastKnownFileType = sourcecode.swift; path = TonalDeepLink.swift; sourceTree = "<group>"; };
		DE03FBD05A69014939259C3D /* NotificationSettingsView.swift */ = {isa = PBXFileReference; lastKnownFileType = sourcecode.swift; path = NotificationSettingsView.swift; sourceTree = "<group>"; };
		E348442ED2A315C10B73F250 /* ToolCallChip.swift */ = {isa = PBXFileReference; lastKnownFileType = sourcecode.swift; path = ToolCallChip.swift; sourceTree = "<group>"; };
		E411ECDAAA0F827C3296CC5E /* GeistMono-Variable.ttf */ = {isa = PBXFileReference; lastKnownFileType = file; path = "GeistMono-Variable.ttf"; sourceTree = "<group>"; };
		EEFD4014FB66E4D01C1BF563 /* TonalCoachApp.swift */ = {isa = PBXFileReference; lastKnownFileType = sourcecode.swift; path = TonalCoachApp.swift; sourceTree = "<group>"; };
		EFA8501E440013785AD6CAC5 /* TrainingPreferencesView.swift */ = {isa = PBXFileReference; lastKnownFileType = sourcecode.swift; path = TrainingPreferencesView.swift; sourceTree = "<group>"; };
		F0788CC33759688FF4ED6239 /* ChatModels.swift */ = {isa = PBXFileReference; lastKnownFileType = sourcecode.swift; path = ChatModels.swift; sourceTree = "<group>"; };
		F13D9855B4ED4C359EED20BF /* StaggeredAppear.swift */ = {isa = PBXFileReference; lastKnownFileType = sourcecode.swift; path = StaggeredAppear.swift; sourceTree = "<group>"; };
		F5C7E1B42E65EB4DF0ADA6B4 /* WorkoutCardView.swift */ = {isa = PBXFileReference; lastKnownFileType = sourcecode.swift; path = WorkoutCardView.swift; sourceTree = "<group>"; };
/* End PBXFileReference section */

/* Begin PBXFrameworksBuildPhase section */
		355ECBED7A498582447C74C8 /* Frameworks */ = {
			isa = PBXFrameworksBuildPhase;
			buildActionMask = 2147483647;
			files = (
				24BCD3FA70FFE988BF3F36B1 /* ConvexMobile in Frameworks */,
				D8A2C98185E1428310C81C34 /* HealthKit.framework in Frameworks */,
			);
			runOnlyForDeploymentPostprocessing = 0;
		};
/* End PBXFrameworksBuildPhase section */

/* Begin PBXGroup section */
		07208951617A4E2B15B33FEF /* Fonts */ = {
			isa = PBXGroup;
			children = (
				8321CA4BD27236034163DE70 /* DMSans-Italic-Variable.ttf */,
				80BD257ADF30EC5730CEA29B /* DMSans-Variable.ttf */,
				E411ECDAAA0F827C3296CC5E /* GeistMono-Variable.ttf */,
			);
			path = Fonts;
			sourceTree = "<group>";
		};
		0C91713BB44F6EB8A625A658 /* Onboarding */ = {
			isa = PBXGroup;
			children = (
				1E65EDC9CE4ECDBBA50629D0 /* OnboardingReadyView.swift */,
				98904234D6E9A6E5F90A790B /* TrainingOnboardingFlow.swift */,
				EFA8501E440013785AD6CAC5 /* TrainingPreferencesView.swift */,
			);
			path = Onboarding;
			sourceTree = "<group>";
		};
		1F8E7501B2739A356DF8AE6B /* Profile */ = {
			isa = PBXGroup;
			children = (
				A5104B6101FB951CE50BD1CA /* ProfileView.swift */,
			);
			path = Profile;
			sourceTree = "<group>";
		};
		24BF8E136B2B0308BE1BC78A = {
			isa = PBXGroup;
			children = (
				755C373BDFA460684694B81A /* TonalCoach */,
				D2C1157A9BA5E3D02373FB37 /* Frameworks */,
				B66AEF271E21044285FC38B5 /* Products */,
			);
			sourceTree = "<group>";
		};
		30725B035DDB4404FBBAEB40 /* Resources */ = {
			isa = PBXGroup;
			children = (
				07208951617A4E2B15B33FEF /* Fonts */,
			);
			path = Resources;
			sourceTree = "<group>";
		};
		40CED15238AB1FEB867073BC /* Chat */ = {
			isa = PBXGroup;
			children = (
				1F14CF7C37C679739B9844FE /* ChatInputBar.swift */,
				F0788CC33759688FF4ED6239 /* ChatModels.swift */,
				DB4E85E4BCB6785EFB82E7BA /* ChatView.swift */,
				23FA42FD4599C5013850591B /* ChatViewModel.swift */,
				51510A5E87E4621AB14BFE79 /* MarkdownText.swift */,
				4336D243540557F7FD94EFEE /* MessageBubble.swift */,
				68F48901D6FC6CA9CFDE14C8 /* ThinkingIndicator.swift */,
				3B15FA3B7A50423A11C10318 /* ToolApprovalCard.swift */,
				E348442ED2A315C10B73F250 /* ToolCallChip.swift */,
			);
			path = Chat;
			sourceTree = "<group>";
		};
		51BEA3798F63ED876E1178AC /* Shared */ = {
			isa = PBXGroup;
			children = (
				B534F70E433E45DC84D2D983 /* AnimationConstants.swift */,
				AE256A5D7E8447829A1EB2C3 /* CountingText.swift */,
				7355A2969D916D85BC65E9AF /* ConvexManager.swift */,
				55A9DFCB1A654550BA19E813 /* HapticEngine.swift */,
				8C7486A4B75AF5EE7EB0A043 /* Models.swift */,
				A3F87C2E1D4B6509F8E2C741 /* PressableCard.swift */,
				F13D9855B4ED4C359EED20BF /* StaggeredAppear.swift */,
				1295AE565C2349AA9F25F6A3 /* ShimmerView.swift */,
				2D4460B6F5D6ECAB5000D077 /* Theme.swift */,
				DC7B058508882C8DA068C32A /* TonalDeepLink.swift */,
			);
			path = Shared;
			sourceTree = "<group>";
		};
		755C373BDFA460684694B81A /* TonalCoach */ = {
			isa = PBXGroup;
			children = (
				757D4EAE09E4618432610A41 /* Assets.xcassets */,
				B319CDBC8A0F05CF9054C28D /* Info.plist */,
				8A4A08A3512144A4D62AA6BB /* TonalCoach.entitlements */,
				F17AD975381C9B5F61584858 /* App */,
				8ED376AAEFA2BC6033B5FBB7 /* Auth */,
				40CED15238AB1FEB867073BC /* Chat */,
				ED1687A7A45A32E295C43240 /* Health */,
				FC8AB388B417908817753115 /* Library */,
				9B62DDE2042C414A12A4CDBB /* Notifications */,
				0C91713BB44F6EB8A625A658 /* Onboarding */,
				1F8E7501B2739A356DF8AE6B /* Profile */,
				30725B035DDB4404FBBAEB40 /* Resources */,
				F1C0ABA49EB98D378BBC1E34 /* Schedule */,
				51BEA3798F63ED876E1178AC /* Shared */,
				B8DAF86ABB90B98ECFAA5143 /* Tonal */,
			);
			path = TonalCoach;
			sourceTree = "<group>";
		};
		8ED376AAEFA2BC6033B5FBB7 /* Auth */ = {
			isa = PBXGroup;
			children = (
				51B95E8720EB1B2578A1B92E /* AuthManager.swift */,
				7DE38C8177CDD4487B4DF6F3 /* KeychainHelper.swift */,
				88B2D7EB5E260FA3DB9FC5F9 /* LoginView.swift */,
				CB629C1B92F2380B18896233 /* PasswordAuthProvider.swift */,
				3EE6475D29CECCEDAC0653EA /* ResetPasswordView.swift */,
				6C1524047B4DA24FE3E70935 /* WelcomeCarouselView.swift */,
			);
			path = Auth;
			sourceTree = "<group>";
		};
		9B62DDE2042C414A12A4CDBB /* Notifications */ = {
			isa = PBXGroup;
			children = (
				5CA6E804A7A741F57B6077E9 /* NotificationDelegate.swift */,
				A1B2311B4105E72BB6B11A97 /* NotificationManager.swift */,
				672CD4A9E189DFA838AA6E62 /* NotificationPermissionView.swift */,
				DE03FBD05A69014939259C3D /* NotificationSettingsView.swift */,
			);
			path = Notifications;
			sourceTree = "<group>";
		};
		B66AEF271E21044285FC38B5 /* Products */ = {
			isa = PBXGroup;
			children = (
				12B3B26921CB3B7086A8E0CC /* TonalCoach.app */,
			);
			name = Products;
			sourceTree = "<group>";
		};
		B8DAF86ABB90B98ECFAA5143 /* Tonal */ = {
			isa = PBXGroup;
			children = (
				7A0F2CA7084518AA231D668C /* AsyncCard.swift */,
				263DBEE6AFD50C23CD03E67B /* ConnectTonalView.swift */,
				AA4572CB37A53DA8BBDDF982 /* ExternalActivitiesCard.swift */,
				83F74557E7EABC857AC75A6D /* MuscleReadinessCard.swift */,
				6198211493BA5A2186362734 /* RecentWorkoutsCard.swift */,
				7328578675A8F3B615846E43 /* StrengthScoreCard.swift */,
				998344A11A738B6D7F8AC725 /* TonalDashboardView.swift */,
				043752E84535B7A45A93EFE6 /* TonalModels.swift */,
				A968A442D233648FA16136BF /* TrainingFrequencyCard.swift */,
			);
			path = Tonal;
			sourceTree = "<group>";
		};
		D2C1157A9BA5E3D02373FB37 /* Frameworks */ = {
			isa = PBXGroup;
			children = (
				549248671EC5F4CFA5B8ED68 /* HealthKit.framework */,
			);
			name = Frameworks;
			sourceTree = "<group>";
		};
		ED1687A7A45A32E295C43240 /* Health */ = {
			isa = PBXGroup;
			children = (
				03CC410DF7DC8875908F1D45 /* HealthDashboardView.swift */,
				CA3ECCA7218453986DC46FE3 /* HealthKitManager.swift */,
				D330194F50C144F6BA7C8BB1 /* HealthPermissionView.swift */,
			);
			path = Health;
			sourceTree = "<group>";
		};
		F17AD975381C9B5F61584858 /* App */ = {
			isa = PBXGroup;
			children = (
				4702C26F8C2C224E144F379C /* ContentView.swift */,
				1FCD2578D91FB3B551BAB790 /* OnboardingView.swift */,
				EEFD4014FB66E4D01C1BF563 /* TonalCoachApp.swift */,
			);
			path = App;
			sourceTree = "<group>";
		};
		F1C0ABA49EB98D378BBC1E34 /* Schedule */ = {
			isa = PBXGroup;
			children = (
				060DC542CFA2F111BF034A25 /* DayDetailView.swift */,
				41DB605D1270553152731F1B /* ScheduleDayCard.swift */,
				24C89295B1569D8B220000BC /* ScheduleModels.swift */,
				1527475BBBF38809CF28E56E /* ScheduleView.swift */,
			);
			path = Schedule;
			sourceTree = "<group>";
		};
		FC8AB388B417908817753115 /* Library */ = {
			isa = PBXGroup;
			children = (
				3FB955CD4C7D0F3EB4EA7D93 /* LibraryHomeView.swift */,
				F5C7E1B42E65EB4DF0ADA6B4 /* WorkoutCardView.swift */,
				73160B64985BC10A30B0D220 /* WorkoutDetailView.swift */,
				D5D6E147E28AD90E816EF993 /* WorkoutFiltersView.swift */,
			);
			path = Library;
			sourceTree = "<group>";
		};
/* End PBXGroup section */

/* Begin PBXNativeTarget section */
		1D82C9D600BC4556741688F6 /* TonalCoach */ = {
			isa = PBXNativeTarget;
			buildConfigurationList = 55D4E77B04BE4C0003511B69 /* Build configuration list for PBXNativeTarget "TonalCoach" */;
			buildPhases = (
				78E0CF410871C6E37359D3C5 /* Sources */,
				66CADCC72FA6D3BD55E34B62 /* Resources */,
				355ECBED7A498582447C74C8 /* Frameworks */,
			);
			buildRules = (
			);
			dependencies = (
			);
			name = TonalCoach;
			packageProductDependencies = (
				B4999B86DD39093EBC062F7D /* ConvexMobile */,
			);
			productName = TonalCoach;
			productReference = 12B3B26921CB3B7086A8E0CC /* TonalCoach.app */;
			productType = "com.apple.product-type.application";
		};
/* End PBXNativeTarget section */

/* Begin PBXProject section */
		B408C389D23B195868258B83 /* Project object */ = {
			isa = PBXProject;
			attributes = {
				BuildIndependentTargetsInParallel = YES;
				LastUpgradeCheck = 2640;
			};
			buildConfigurationList = 9627E7AA46A01D1107E05391 /* Build configuration list for PBXProject "TonalCoach" */;
			developmentRegion = en;
			hasScannedForEncodings = 0;
			knownRegions = (
				Base,
				en,
			);
			mainGroup = 24BF8E136B2B0308BE1BC78A;
			minimizedProjectReferenceProxies = 1;
			packageReferences = (
				0D2E0A338957B18BFB8477CB /* XCRemoteSwiftPackageReference "convex-swift" */,
			);
			preferredProjectObjectVersion = 77;
			productRefGroup = B66AEF271E21044285FC38B5 /* Products */;
			projectDirPath = "";
			projectRoot = "";
			targets = (
				1D82C9D600BC4556741688F6 /* TonalCoach */,
			);
		};
/* End PBXProject section */

/* Begin PBXResourcesBuildPhase section */
		66CADCC72FA6D3BD55E34B62 /* Resources */ = {
			isa = PBXResourcesBuildPhase;
			buildActionMask = 2147483647;
			files = (
				DE60307AB01F06852935A97F /* Assets.xcassets in Resources */,
				5C6880B24F7858B6CFC80B4F /* DMSans-Italic-Variable.ttf in Resources */,
				6C7D859F15594D4DF99D12CD /* DMSans-Variable.ttf in Resources */,
				736E927A144EBEFB1DFFCB25 /* GeistMono-Variable.ttf in Resources */,
			);
			runOnlyForDeploymentPostprocessing = 0;
		};
/* End PBXResourcesBuildPhase section */

/* Begin PBXSourcesBuildPhase section */
		78E0CF410871C6E37359D3C5 /* Sources */ = {
			isa = PBXSourcesBuildPhase;
			buildActionMask = 2147483647;
			files = (
				6643720F8D0C49FC91308BCD /* AnimationConstants.swift in Sources */,
				C3EDE8764BB34335A49F124D /* CountingText.swift in Sources */,
				D1E4F2A3B7C8904F5E3A1D62 /* PressableCard.swift in Sources */,
				C06DAAD551A04064BEDBEBCF /* HapticEngine.swift in Sources */,
				A180D2267F45D4EEE14A52BE /* AsyncCard.swift in Sources */,
				DF7142365C1B6E5170EDDA63 /* AuthManager.swift in Sources */,
				7F7792192E65DDD4CD8BD776 /* ChatInputBar.swift in Sources */,
				D29C91F4BDC6346C0FC65B84 /* ChatModels.swift in Sources */,
				7F35CF1AE3D415AAD177D9F1 /* ChatView.swift in Sources */,
				0050DFE0AB4310D4392E8BAD /* ChatViewModel.swift in Sources */,
				20793F8A10949B7240A93963 /* ConnectTonalView.swift in Sources */,
				157388BF966DD54EB48000C0 /* ContentView.swift in Sources */,
				AB04CE09C9B6CF076C62B51C /* ConvexManager.swift in Sources */,
				B16886E2BCB9CA386D6C694E /* DayDetailView.swift in Sources */,
				084B400E6EBE58218C786A4E /* ExternalActivitiesCard.swift in Sources */,
				C73C20B5427061040052FD8F /* HealthDashboardView.swift in Sources */,
				014658B7C371AB8BC8FEFA4F /* HealthKitManager.swift in Sources */,
				A55E36E31571F4267AE2FD00 /* HealthPermissionView.swift in Sources */,
				027E4B892D6B4D73D106535E /* KeychainHelper.swift in Sources */,
				F13FD79B53AB9432B6A6E286 /* LibraryHomeView.swift in Sources */,
				B306D9A4350E316F0199F37E /* LoginView.swift in Sources */,
				F5BEBB0864DAA99976946463 /* MarkdownText.swift in Sources */,
				DB9815B3009CB457E20E0BD2 /* MessageBubble.swift in Sources */,
				5CA7B64CBAE1BF7129C0C9EE /* Models.swift in Sources */,
				6EA6E76039A7A1F2F21743C5 /* MuscleReadinessCard.swift in Sources */,
				02C6AE86E0A5049514C0BD15 /* NotificationDelegate.swift in Sources */,
				81C3CD4D0DFFDD2CE38D5709 /* NotificationManager.swift in Sources */,
				A2220BC2C12BB5F24E646C90 /* NotificationPermissionView.swift in Sources */,
				21B90923519D89F563710CBD /* NotificationSettingsView.swift in Sources */,
				081CDA05771DA44877C93096 /* OnboardingReadyView.swift in Sources */,
				867DF588806D7C0A04D5DDC8 /* OnboardingView.swift in Sources */,
				3C43C100345389B3ED170B71 /* PasswordAuthProvider.swift in Sources */,
				C3A21FFB22CEAF5650584D91 /* ProfileView.swift in Sources */,
				6A2D0E0116B05F642E0B2609 /* RecentWorkoutsCard.swift in Sources */,
				1F69D85F0F93AB34FD84C89F /* ResetPasswordView.swift in Sources */,
				BA93EA39F519BF35C654B5FB /* ScheduleDayCard.swift in Sources */,
				E2A755589CA29DC1C4ECBC81 /* ScheduleModels.swift in Sources */,
				ED21BA22192AB410A33C1619 /* ScheduleView.swift in Sources */,
				327D4184BD201D767EA906A7 /* StrengthScoreCard.swift in Sources */,
				6ADDB05F7EC940BB9664CB00 /* StaggeredAppear.swift in Sources */,
				8FD885BB726044B7AECF823B /* ShimmerView.swift in Sources */,
				45013F1AD272E00E3B29EE9A /* Theme.swift in Sources */,
				58593C18825560C6F1760A54 /* ThinkingIndicator.swift in Sources */,
				9D801E18724B5959F9780CCB /* TonalCoachApp.swift in Sources */,
				06ACBA3BE13DE7B09F9BD4A6 /* TonalDashboardView.swift in Sources */,
				16DA28B597192FE4302CF41A /* TonalDeepLink.swift in Sources */,
				FB0B9D8AD5210ABEFD77FC79 /* TonalModels.swift in Sources */,
				B28FDFEC19F76F878630B018 /* ToolApprovalCard.swift in Sources */,
				DFA4928A094ADC84B922B68D /* ToolCallChip.swift in Sources */,
				42BEFE7F07591913ED3B8DA0 /* TrainingFrequencyCard.swift in Sources */,
				E1D06E646AF6FCE53ACBEEAD /* TrainingOnboardingFlow.swift in Sources */,
				C9FC3E5F39C9A66B5EA7DBAA /* TrainingPreferencesView.swift in Sources */,
				795316D1868F7A7BB3CFADAA /* WelcomeCarouselView.swift in Sources */,
				FD6D5CD51F2316868B127C64 /* WorkoutCardView.swift in Sources */,
				A255A48EA8912657C87AB312 /* WorkoutDetailView.swift in Sources */,
				1D17B014F694E6A55C7975E3 /* WorkoutFiltersView.swift in Sources */,
			);
			runOnlyForDeploymentPostprocessing = 0;
		};
/* End PBXSourcesBuildPhase section */

/* Begin XCBuildConfiguration section */
		07D1C4102C59EA5DA9D1BCCE /* Debug */ = {
			isa = XCBuildConfiguration;
			buildSettings = {
				ALWAYS_SEARCH_USER_PATHS = NO;
				ASSETCATALOG_COMPILER_GENERATE_SWIFT_ASSET_SYMBOL_EXTENSIONS = YES;
				CLANG_ANALYZER_NONNULL = YES;
				CLANG_ANALYZER_NUMBER_OBJECT_CONVERSION = YES_AGGRESSIVE;
				CLANG_CXX_LANGUAGE_STANDARD = "gnu++14";
				CLANG_CXX_LIBRARY = "libc++";
				CLANG_ENABLE_MODULES = YES;
				CLANG_ENABLE_OBJC_ARC = YES;
				CLANG_ENABLE_OBJC_WEAK = YES;
				CLANG_WARN_BLOCK_CAPTURE_AUTORELEASING = YES;
				CLANG_WARN_BOOL_CONVERSION = YES;
				CLANG_WARN_COMMA = YES;
				CLANG_WARN_CONSTANT_CONVERSION = YES;
				CLANG_WARN_DEPRECATED_OBJC_IMPLEMENTATIONS = YES;
				CLANG_WARN_DIRECT_OBJC_ISA_USAGE = YES_ERROR;
				CLANG_WARN_DOCUMENTATION_COMMENTS = YES;
				CLANG_WARN_EMPTY_BODY = YES;
				CLANG_WARN_ENUM_CONVERSION = YES;
				CLANG_WARN_INFINITE_RECURSION = YES;
				CLANG_WARN_INT_CONVERSION = YES;
				CLANG_WARN_NON_LITERAL_NULL_CONVERSION = YES;
				CLANG_WARN_OBJC_IMPLICIT_RETAIN_SELF = YES;
				CLANG_WARN_OBJC_LITERAL_CONVERSION = YES;
				CLANG_WARN_OBJC_ROOT_CLASS = YES_ERROR;
				CLANG_WARN_QUOTED_INCLUDE_IN_FRAMEWORK_HEADER = YES;
				CLANG_WARN_RANGE_LOOP_ANALYSIS = YES;
				CLANG_WARN_STRICT_PROTOTYPES = YES;
				CLANG_WARN_SUSPICIOUS_MOVE = YES;
				CLANG_WARN_UNGUARDED_AVAILABILITY = YES_AGGRESSIVE;
				CLANG_WARN_UNREACHABLE_CODE = YES;
				CLANG_WARN__DUPLICATE_METHOD_MATCH = YES;
				COPY_PHASE_STRIP = NO;
				CURRENT_PROJECT_VERSION = 1;
				DEBUG_INFORMATION_FORMAT = dwarf;
				DEVELOPMENT_TEAM = 2Q8WQD22DF;
				ENABLE_STRICT_OBJC_MSGSEND = YES;
				ENABLE_TESTABILITY = YES;
				ENABLE_USER_SCRIPT_SANDBOXING = YES;
				GCC_C_LANGUAGE_STANDARD = gnu11;
				GCC_DYNAMIC_NO_PIC = NO;
				GCC_NO_COMMON_BLOCKS = YES;
				GCC_OPTIMIZATION_LEVEL = 0;
				GCC_PREPROCESSOR_DEFINITIONS = (
					"$(inherited)",
					"DEBUG=1",
				);
				GCC_WARN_64_TO_32_BIT_CONVERSION = YES;
				GCC_WARN_ABOUT_RETURN_TYPE = YES_ERROR;
				GCC_WARN_UNDECLARED_SELECTOR = YES;
				GCC_WARN_UNINITIALIZED_AUTOS = YES_AGGRESSIVE;
				GCC_WARN_UNUSED_FUNCTION = YES;
				GCC_WARN_UNUSED_VARIABLE = YES;
				IPHONEOS_DEPLOYMENT_TARGET = 17.0;
				MARKETING_VERSION = 1.0.0;
				MTL_ENABLE_DEBUG_INFO = INCLUDE_SOURCE;
				MTL_FAST_MATH = YES;
				ONLY_ACTIVE_ARCH = YES;
				PRODUCT_NAME = "$(TARGET_NAME)";
				SDKROOT = iphoneos;
				STRING_CATALOG_GENERATE_SYMBOLS = YES;
				SWIFT_ACTIVE_COMPILATION_CONDITIONS = DEBUG;
				SWIFT_OPTIMIZATION_LEVEL = "-Onone";
				SWIFT_VERSION = 5.9;
			};
			name = Debug;
		};
		16DE484215E2BC0F25D34881 /* Release */ = {
			isa = XCBuildConfiguration;
			buildSettings = {
				ALWAYS_SEARCH_USER_PATHS = NO;
				ASSETCATALOG_COMPILER_GENERATE_SWIFT_ASSET_SYMBOL_EXTENSIONS = YES;
				CLANG_ANALYZER_NONNULL = YES;
				CLANG_ANALYZER_NUMBER_OBJECT_CONVERSION = YES_AGGRESSIVE;
				CLANG_CXX_LANGUAGE_STANDARD = "gnu++14";
				CLANG_CXX_LIBRARY = "libc++";
				CLANG_ENABLE_MODULES = YES;
				CLANG_ENABLE_OBJC_ARC = YES;
				CLANG_ENABLE_OBJC_WEAK = YES;
				CLANG_WARN_BLOCK_CAPTURE_AUTORELEASING = YES;
				CLANG_WARN_BOOL_CONVERSION = YES;
				CLANG_WARN_COMMA = YES;
				CLANG_WARN_CONSTANT_CONVERSION = YES;
				CLANG_WARN_DEPRECATED_OBJC_IMPLEMENTATIONS = YES;
				CLANG_WARN_DIRECT_OBJC_ISA_USAGE = YES_ERROR;
				CLANG_WARN_DOCUMENTATION_COMMENTS = YES;
				CLANG_WARN_EMPTY_BODY = YES;
				CLANG_WARN_ENUM_CONVERSION = YES;
				CLANG_WARN_INFINITE_RECURSION = YES;
				CLANG_WARN_INT_CONVERSION = YES;
				CLANG_WARN_NON_LITERAL_NULL_CONVERSION = YES;
				CLANG_WARN_OBJC_IMPLICIT_RETAIN_SELF = YES;
				CLANG_WARN_OBJC_LITERAL_CONVERSION = YES;
				CLANG_WARN_OBJC_ROOT_CLASS = YES_ERROR;
				CLANG_WARN_QUOTED_INCLUDE_IN_FRAMEWORK_HEADER = YES;
				CLANG_WARN_RANGE_LOOP_ANALYSIS = YES;
				CLANG_WARN_STRICT_PROTOTYPES = YES;
				CLANG_WARN_SUSPICIOUS_MOVE = YES;
				CLANG_WARN_UNGUARDED_AVAILABILITY = YES_AGGRESSIVE;
				CLANG_WARN_UNREACHABLE_CODE = YES;
				CLANG_WARN__DUPLICATE_METHOD_MATCH = YES;
				COPY_PHASE_STRIP = NO;
				CURRENT_PROJECT_VERSION = 1;
				DEBUG_INFORMATION_FORMAT = "dwarf-with-dsym";
				DEVELOPMENT_TEAM = 2Q8WQD22DF;
				ENABLE_NS_ASSERTIONS = NO;
				ENABLE_STRICT_OBJC_MSGSEND = YES;
				ENABLE_USER_SCRIPT_SANDBOXING = YES;
				GCC_C_LANGUAGE_STANDARD = gnu11;
				GCC_NO_COMMON_BLOCKS = YES;
				GCC_WARN_64_TO_32_BIT_CONVERSION = YES;
				GCC_WARN_ABOUT_RETURN_TYPE = YES_ERROR;
				GCC_WARN_UNDECLARED_SELECTOR = YES;
				GCC_WARN_UNINITIALIZED_AUTOS = YES_AGGRESSIVE;
				GCC_WARN_UNUSED_FUNCTION = YES;
				GCC_WARN_UNUSED_VARIABLE = YES;
				IPHONEOS_DEPLOYMENT_TARGET = 17.0;
				MARKETING_VERSION = 1.0.0;
				MTL_ENABLE_DEBUG_INFO = NO;
				MTL_FAST_MATH = YES;
				PRODUCT_NAME = "$(TARGET_NAME)";
				SDKROOT = iphoneos;
				STRING_CATALOG_GENERATE_SYMBOLS = YES;
				SWIFT_COMPILATION_MODE = wholemodule;
				SWIFT_OPTIMIZATION_LEVEL = "-O";
				SWIFT_VERSION = 5.9;
			};
			name = Release;
		};
		7D32C937036A5029EA547F7F /* Release */ = {
			isa = XCBuildConfiguration;
			buildSettings = {
				ASSETCATALOG_COMPILER_APPICON_NAME = AppIcon;
				ASSETCATALOG_COMPILER_GLOBAL_ACCENT_COLOR_NAME = AccentColor;
				CODE_SIGN_ENTITLEMENTS = TonalCoach/TonalCoach.entitlements;
				CODE_SIGN_IDENTITY = "iPhone Developer";
				CONVEX_URL = "https://chatty-hawk-29.convex.cloud";
				FRAMEWORK_SEARCH_PATHS = (
					"$(inherited)",
					"\".\"",
				);
				INFOPLIST_FILE = TonalCoach/Info.plist;
				LD_RUNPATH_SEARCH_PATHS = (
					"$(inherited)",
					"@executable_path/Frameworks",
				);
				PRODUCT_BUNDLE_IDENTIFIER = coach.tonal.app;
				SDKROOT = iphoneos;
				TARGETED_DEVICE_FAMILY = "1,2";
			};
			name = Release;
		};
		DAE150A507675C2B011AC159 /* Debug */ = {
			isa = XCBuildConfiguration;
			buildSettings = {
				ASSETCATALOG_COMPILER_APPICON_NAME = AppIcon;
				ASSETCATALOG_COMPILER_GLOBAL_ACCENT_COLOR_NAME = AccentColor;
				CODE_SIGN_ENTITLEMENTS = TonalCoach/TonalCoach.entitlements;
				CODE_SIGN_IDENTITY = "iPhone Developer";
				CONVEX_URL = "https://quaint-bulldog-653.convex.cloud";
				FRAMEWORK_SEARCH_PATHS = (
					"$(inherited)",
					"\".\"",
				);
				INFOPLIST_FILE = TonalCoach/Info.plist;
				LD_RUNPATH_SEARCH_PATHS = (
					"$(inherited)",
					"@executable_path/Frameworks",
				);
				PRODUCT_BUNDLE_IDENTIFIER = coach.tonal.app;
				SDKROOT = iphoneos;
				TARGETED_DEVICE_FAMILY = "1,2";
			};
			name = Debug;
		};
/* End XCBuildConfiguration section */

/* Begin XCConfigurationList section */
		55D4E77B04BE4C0003511B69 /* Build configuration list for PBXNativeTarget "TonalCoach" */ = {
			isa = XCConfigurationList;
			buildConfigurations = (
				DAE150A507675C2B011AC159 /* Debug */,
				7D32C937036A5029EA547F7F /* Release */,
			);
			defaultConfigurationIsVisible = 0;
			defaultConfigurationName = Debug;
		};
		9627E7AA46A01D1107E05391 /* Build configuration list for PBXProject "TonalCoach" */ = {
			isa = XCConfigurationList;
			buildConfigurations = (
				07D1C4102C59EA5DA9D1BCCE /* Debug */,
				16DE484215E2BC0F25D34881 /* Release */,
			);
			defaultConfigurationIsVisible = 0;
			defaultConfigurationName = Debug;
		};
/* End XCConfigurationList section */

/* Begin XCRemoteSwiftPackageReference section */
		0D2E0A338957B18BFB8477CB /* XCRemoteSwiftPackageReference "convex-swift" */ = {
			isa = XCRemoteSwiftPackageReference;
			repositoryURL = "https://github.com/get-convex/convex-swift.git";
			requirement = {
				branch = main;
				kind = branch;
			};
		};
/* End XCRemoteSwiftPackageReference section */

/* Begin XCSwiftPackageProductDependency section */
		B4999B86DD39093EBC062F7D /* ConvexMobile */ = {
			isa = XCSwiftPackageProductDependency;
			package = 0D2E0A338957B18BFB8477CB /* XCRemoteSwiftPackageReference "convex-swift" */;
			productName = ConvexMobile;
		};
/* End XCSwiftPackageProductDependency section */
	};
	rootObject = B408C389D23B195868258B83 /* Project object */;
}
